
Microsoft Visual Studio Solution File, Format Version 12.00
# Visual Studio Version 17
VisualStudioVersion = 17.5.002.0
MinimumVisualStudioVersion = 10.0.40219.1
Project("{9A19103F-16F7-4668-BE54-9A1E7A4F7556}") = "MiNotSoSimpleApp", "MiNotSoSimpleApp.csproj", "{8DD615E9-D22F-4E30-832E-06001C0D1470}"
EndProject
Global
	GlobalSection(SolutionConfigurationPlatforms) = preSolution
		Debug|Any CPU = Debug|Any CPU
		Release|Any CPU = Release|Any CPU
	EndGlobalSection
	GlobalSection(ProjectConfigurationPlatforms) = postSolution
		{8DD615E9-D22F-4E30-832E-06001C0D1470}.Debug|Any CPU.ActiveCfg = Debug|Any CPU
		{8DD615E9-D22F-4E30-832E-06001C0D1470}.Debug|Any CPU.Build.0 = Debug|Any CPU
		{8DD615E9-D22F-4E30-832E-06001C0D1470}.Release|Any CPU.ActiveCfg = Release|Any CPU
		{8DD615E9-D22F-4E30-832E-06001C0D1470}.Release|Any CPU.Build.0 = Release|Any CPU
	EndGlobalSection
	GlobalSection(SolutionProperties) = preSolution
		HideSolutionNode = FALSE
	EndGlobalSection
	GlobalSection(ExtensibilityGlobals) = postSolution
		SolutionGuid = {AE38DFA4-EFCC-44C1-B501-A2E86B9825EA}
	EndGlobalSection
EndGlobal
